<?xml version="1.0" encoding="utf-8"?>
<Project ToolsVersion="4.0" xmlns="http://schemas.microsoft.com/developer/msbuild/2003">
  <ItemGroup>
    <Filter Include="Resource Files">
      <UniqueIdentifier>{67DA6AB6-F800-4c08-8B7A-83BB121AAD01}</UniqueIdentifier>
      <Extensions>rc;ico;cur;bmp;dlg;rc2;rct;bin;rgs;gif;jpg;jpeg;jpe;resx;tiff;tif;png;wav;mfcribbon-ms</Extensions>
    </Filter>
    <Filter Include="Ai Empire Diplomacy">
      <UniqueIdentifier>{3880d018-2395-4502-abfe-4b83e0817aab}</UniqueIdentifier>
    </Filter>
    <Filter Include="Internal">
      <UniqueIdentifier>{d62ad12d-69d8-4933-8342-03043c9adc22}</UniqueIdentifier>
    </Filter>
  </ItemGroup>
  <ItemGroup>
    <ClInclude Include="targetver.h">
      <Filter>Internal</Filter>
    </ClInclude>
    <ClInclude Include="stdafx.h">
      <Filter>Internal</Filter>
    </ClInclude>
    <ClInclude Include="DebugDiplomacy.h" />
    <ClInclude Include="cEmpireDiplomacyManager.h" />
    <ClInclude Include="Spore-Mod-Utils\EmpireUtils\EmpireUtils.h" />
    <ClInclude Include="Spore-Mod-Utils\Include\SporeModUtils.h" />
    <ClInclude Include="Spore-Mod-Utils\PlanetUtils\PlanetUtils.h" />
    <ClInclude Include="Spore-Mod-Utils\SpiceUtils\SpiceUtils.h" />
    <ClInclude Include="Spore-Mod-Utils\StarUtils\StarUtils.h" />
    <ClInclude Include="Spore-Mod-Utils\TerraformingUtils\TerraformingUtils.h" />
    <ClInclude Include="Spore-Mod-Utils\DiplomacyUtils\DiplomacyUtils.h" />
    <ClInclude Include="Spore-Mod-Utils\ArchetypeUtils\ArchetypeUtils.h" />
    <ClInclude Include="AllianceEnemyButtonProc.h" />
    <ClInclude Include="cDiplomaticProfile.h" />
  </ItemGroup>
  <ItemGroup>
    <ClCompile Include="dllmain.cpp">
      <Filter>Ai Empire Diplomacy</Filter>
    </ClCompile>
    <ClCompile Include="stdafx.cpp">
      <Filter>Internal</Filter>
    </ClCompile>
    <ClCompile Include="cEmpireDiplomacyManager.cpp" />
    <ClCompile Include="DebugDiplomacy.cpp" />
    <ClCompile Include="Spore-Mod-Utils\EmpireUtils\EmpireUtils.cpp" />
    <ClCompile Include="Spore-Mod-Utils\PlanetUtils\PlanetUtils.cpp" />
    <ClCompile Include="Spore-Mod-Utils\SpiceUtils\SpiceUtils.cpp" />
    <ClCompile Include="Spore-Mod-Utils\StarUtils\StarUtils.cpp" />
    <ClCompile Include="Spore-Mod-Utils\TerraformingUtils\TerraformingUtils.cpp" />
    <ClCompile Include="Spore-Mod-Utils\DiplomacyUtils\DiplomacyUtils.cpp" />
    <ClCompile Include="Spore-Mod-Utils\ArchetypeUtils\ArchetypeUtils.cpp" />
    <ClCompile Include="AllianceEnemyButtonProc.cpp" />
    <ClCompile Include="cDiplomaticProfile.cpp" />
  </ItemGroup>
  <ItemGroup>
    <None Include="SdkPathConfig.props" />
    <None Include="Spore-Mod-Utils\LICENSE" />
    <None Include="Spore-Mod-Utils\README.md" />
  </ItemGroup>
  <ItemGroup>
    <Text Include="ReadMe.txt">
      <Filter>Internal</Filter>
    </Text>
  </ItemGroup>
</Project>